{
  "name": "src",
  "lockfileVersion": 2,
  "requires": true,
  "packages": {
    "": {
      "dependencies": {
        "remix": "^1.4.3"
      }
    },
    "node_modules/remix": {
      "version": "1.4.3",
      "resolved": "https://registry.npmjs.org/remix/-/remix-1.4.3.tgz",
      "integrity": "sha512-2MG6y6IrfE9//mm41urKFYZNKfMOnrglSBCmMB1XyvcSQiXrHpOmuMITm7H5LujHwNlqU8REOWpKe/LQABUVHg=="
    }
  },
  "dependencies": {
    "remix": {
      "version": "1.4.3",
      "resolved": "https://registry.npmjs.org/remix/-/remix-1.4.3.tgz",
      "integrity": "sha512-2MG6y6IrfE9//mm41urKFYZNKfMOnrglSBCmMB1XyvcSQiXrHpOmuMITm7H5LujHwNlqU8REOWpKe/LQABUVHg=="
    }
  }
}
